
Microsoft Visual Studio Solution File, Format Version 12.00
# Visual Studio 15
VisualStudioVersion = 15.0.26124.0
MinimumVisualStudioVersion = 15.0.26124.0
Project("{2150E333-8FDC-42A3-9474-1A3956D46DE8}") = "src", "src", "{EECA2B1E-CC77-4B5E-95D1-BDAFECEF2893}"
EndProject
Project("{FAE04EC0-301F-11D3-BF4B-00C04F79EFBC}") = "Actio.API", "src\Actio.API\Actio.API.csproj", "{F13B3990-5512-44FD-B751-AC6DD4190279}"
EndProject
Project("{FAE04EC0-301F-11D3-BF4B-00C04F79EFBC}") = "Actio.Common", "src\Actio.Common\Actio.Common.csproj", "{15C8181A-666E-4C0A-835B-7D4303B66A68}"
EndProject
Project("{FAE04EC0-301F-11D3-BF4B-00C04F79EFBC}") = "Actio.Services.Identity", "src\Actio.Services.Identity\Actio.Services.Identity.csproj", "{9073D260-F0C9-4611-800A-C1612B7D2969}"
EndProject
Project("{FAE04EC0-301F-11D3-BF4B-00C04F79EFBC}") = "Actio.Services.Activities", "src\Actio.Services.Activities\Actio.Services.Activities.csproj", "{873E675A-3872-4FC5-B084-3F35D471B029}"
EndProject
Project("{2150E333-8FDC-42A3-9474-1A3956D46DE8}") = "tests", "tests", "{FB894DA0-6EFF-42A2-9621-EA0FA94092F3}"
EndProject
Project("{FAE04EC0-301F-11D3-BF4B-00C04F79EFBC}") = "Actio.Api.Tests", "tests\Actio.Api.Tests\Actio.Api.Tests.csproj", "{BE3AA64B-8103-4803-966F-57EC979901B0}"
EndProject
Project("{FAE04EC0-301F-11D3-BF4B-00C04F79EFBC}") = "Actio.Services.Activities.Tests", "tests\Actio.Services.Activities.Tests\Actio.Services.Activities.Tests.csproj", "{40A454B9-C2DB-4283-97AE-0809C3D6D2E7}"
EndProject
Project("{FAE04EC0-301F-11D3-BF4B-00C04F79EFBC}") = "Actio.Services.Identity.Tests", "tests\Actio.Services.Identity.Tests\Actio.Services.Identity.Tests.csproj", "{D7022DD9-09E1-45BC-A48B-BC30D1ACF19C}"
EndProject
Global
	GlobalSection(SolutionConfigurationPlatforms) = preSolution
		Debug|Any CPU = Debug|Any CPU
		Debug|x64 = Debug|x64
		Debug|x86 = Debug|x86
		Release|Any CPU = Release|Any CPU
		Release|x64 = Release|x64
		Release|x86 = Release|x86
	EndGlobalSection
	GlobalSection(SolutionProperties) = preSolution
		HideSolutionNode = FALSE
	EndGlobalSection
	GlobalSection(ProjectConfigurationPlatforms) = postSolution
		{F13B3990-5512-44FD-B751-AC6DD4190279}.Debug|Any CPU.ActiveCfg = Debug|Any CPU
		{F13B3990-5512-44FD-B751-AC6DD4190279}.Debug|Any CPU.Build.0 = Debug|Any CPU
		{F13B3990-5512-44FD-B751-AC6DD4190279}.Debug|x64.ActiveCfg = Debug|Any CPU
		{F13B3990-5512-44FD-B751-AC6DD4190279}.Debug|x64.Build.0 = Debug|Any CPU
		{F13B3990-5512-44FD-B751-AC6DD4190279}.Debug|x86.ActiveCfg = Debug|Any CPU
		{F13B3990-5512-44FD-B751-AC6DD4190279}.Debug|x86.Build.0 = Debug|Any CPU
		{F13B3990-5512-44FD-B751-AC6DD4190279}.Release|Any CPU.ActiveCfg = Release|Any CPU
		{F13B3990-5512-44FD-B751-AC6DD4190279}.Release|Any CPU.Build.0 = Release|Any CPU
		{F13B3990-5512-44FD-B751-AC6DD4190279}.Release|x64.ActiveCfg = Release|Any CPU
		{F13B3990-5512-44FD-B751-AC6DD4190279}.Release|x64.Build.0 = Release|Any CPU
		{F13B3990-5512-44FD-B751-AC6DD4190279}.Release|x86.ActiveCfg = Release|Any CPU
		{F13B3990-5512-44FD-B751-AC6DD4190279}.Release|x86.Build.0 = Release|Any CPU
		{15C8181A-666E-4C0A-835B-7D4303B66A68}.Debug|Any CPU.ActiveCfg = Debug|Any CPU
		{15C8181A-666E-4C0A-835B-7D4303B66A68}.Debug|Any CPU.Build.0 = Debug|Any CPU
		{15C8181A-666E-4C0A-835B-7D4303B66A68}.Debug|x64.ActiveCfg = Debug|Any CPU
		{15C8181A-666E-4C0A-835B-7D4303B66A68}.Debug|x64.Build.0 = Debug|Any CPU
		{15C8181A-666E-4C0A-835B-7D4303B66A68}.Debug|x86.ActiveCfg = Debug|Any CPU
		{15C8181A-666E-4C0A-835B-7D4303B66A68}.Debug|x86.Build.0 = Debug|Any CPU
		{15C8181A-666E-4C0A-835B-7D4303B66A68}.Release|Any CPU.ActiveCfg = Release|Any CPU
		{15C8181A-666E-4C0A-835B-7D4303B66A68}.Release|Any CPU.Build.0 = Release|Any CPU
		{15C8181A-666E-4C0A-835B-7D4303B66A68}.Release|x64.ActiveCfg = Release|Any CPU
		{15C8181A-666E-4C0A-835B-7D4303B66A68}.Release|x64.Build.0 = Release|Any CPU
		{15C8181A-666E-4C0A-835B-7D4303B66A68}.Release|x86.ActiveCfg = Release|Any CPU
		{15C8181A-666E-4C0A-835B-7D4303B66A68}.Release|x86.Build.0 = Release|Any CPU
		{9073D260-F0C9-4611-800A-C1612B7D2969}.Debug|Any CPU.ActiveCfg = Debug|Any CPU
		{9073D260-F0C9-4611-800A-C1612B7D2969}.Debug|Any CPU.Build.0 = Debug|Any CPU
		{9073D260-F0C9-4611-800A-C1612B7D2969}.Debug|x64.ActiveCfg = Debug|Any CPU
		{9073D260-F0C9-4611-800A-C1612B7D2969}.Debug|x64.Build.0 = Debug|Any CPU
		{9073D260-F0C9-4611-800A-C1612B7D2969}.Debug|x86.ActiveCfg = Debug|Any CPU
		{9073D260-F0C9-4611-800A-C1612B7D2969}.Debug|x86.Build.0 = Debug|Any CPU
		{9073D260-F0C9-4611-800A-C1612B7D2969}.Release|Any CPU.ActiveCfg = Release|Any CPU
		{9073D260-F0C9-4611-800A-C1612B7D2969}.Release|Any CPU.Build.0 = Release|Any CPU
		{9073D260-F0C9-4611-800A-C1612B7D2969}.Release|x64.ActiveCfg = Release|Any CPU
		{9073D260-F0C9-4611-800A-C1612B7D2969}.Release|x64.Build.0 = Release|Any CPU
		{9073D260-F0C9-4611-800A-C1612B7D2969}.Release|x86.ActiveCfg = Release|Any CPU
		{9073D260-F0C9-4611-800A-C1612B7D2969}.Release|x86.Build.0 = Release|Any CPU
		{873E675A-3872-4FC5-B084-3F35D471B029}.Debug|Any CPU.ActiveCfg = Debug|Any CPU
		{873E675A-3872-4FC5-B084-3F35D471B029}.Debug|Any CPU.Build.0 = Debug|Any CPU
		{873E675A-3872-4FC5-B084-3F35D471B029}.Debug|x64.ActiveCfg = Debug|Any CPU
		{873E675A-3872-4FC5-B084-3F35D471B029}.Debug|x64.Build.0 = Debug|Any CPU
		{873E675A-3872-4FC5-B084-3F35D471B029}.Debug|x86.ActiveCfg = Debug|Any CPU
		{873E675A-3872-4FC5-B084-3F35D471B029}.Debug|x86.Build.0 = Debug|Any CPU
		{873E675A-3872-4FC5-B084-3F35D471B029}.Release|Any CPU.ActiveCfg = Release|Any CPU
		{873E675A-3872-4FC5-B084-3F35D471B029}.Release|Any CPU.Build.0 = Release|Any CPU
		{873E675A-3872-4FC5-B084-3F35D471B029}.Release|x64.ActiveCfg = Release|Any CPU
		{873E675A-3872-4FC5-B084-3F35D471B029}.Release|x64.Build.0 = Release|Any CPU
		{873E675A-3872-4FC5-B084-3F35D471B029}.Release|x86.ActiveCfg = Release|Any CPU
		{873E675A-3872-4FC5-B084-3F35D471B029}.Release|x86.Build.0 = Release|Any CPU
		{BE3AA64B-8103-4803-966F-57EC979901B0}.Debug|Any CPU.ActiveCfg = Debug|Any CPU
		{BE3AA64B-8103-4803-966F-57EC979901B0}.Debug|Any CPU.Build.0 = Debug|Any CPU
		{BE3AA64B-8103-4803-966F-57EC979901B0}.Debug|x64.ActiveCfg = Debug|Any CPU
		{BE3AA64B-8103-4803-966F-57EC979901B0}.Debug|x64.Build.0 = Debug|Any CPU
		{BE3AA64B-8103-4803-966F-57EC979901B0}.Debug|x86.ActiveCfg = Debug|Any CPU
		{BE3AA64B-8103-4803-966F-57EC979901B0}.Debug|x86.Build.0 = Debug|Any CPU
		{BE3AA64B-8103-4803-966F-57EC979901B0}.Release|Any CPU.ActiveCfg = Release|Any CPU
		{BE3AA64B-8103-4803-966F-57EC979901B0}.Release|Any CPU.Build.0 = Release|Any CPU
		{BE3AA64B-8103-4803-966F-57EC979901B0}.Release|x64.ActiveCfg = Release|Any CPU
		{BE3AA64B-8103-4803-966F-57EC979901B0}.Release|x64.Build.0 = Release|Any CPU
		{BE3AA64B-8103-4803-966F-57EC979901B0}.Release|x86.ActiveCfg = Release|Any CPU
		{BE3AA64B-8103-4803-966F-57EC979901B0}.Release|x86.Build.0 = Release|Any CPU
		{40A454B9-C2DB-4283-97AE-0809C3D6D2E7}.Debug|Any CPU.ActiveCfg = Debug|Any CPU
		{40A454B9-C2DB-4283-97AE-0809C3D6D2E7}.Debug|Any CPU.Build.0 = Debug|Any CPU
		{40A454B9-C2DB-4283-97AE-0809C3D6D2E7}.Debug|x64.ActiveCfg = Debug|Any CPU
		{40A454B9-C2DB-4283-97AE-0809C3D6D2E7}.Debug|x64.Build.0 = Debug|Any CPU
		{40A454B9-C2DB-4283-97AE-0809C3D6D2E7}.Debug|x86.ActiveCfg = Debug|Any CPU
		{40A454B9-C2DB-4283-97AE-0809C3D6D2E7}.Debug|x86.Build.0 = Debug|Any CPU
		{40A454B9-C2DB-4283-97AE-0809C3D6D2E7}.Release|Any CPU.ActiveCfg = Release|Any CPU
		{40A454B9-C2DB-4283-97AE-0809C3D6D2E7}.Release|Any CPU.Build.0 = Release|Any CPU
		{40A454B9-C2DB-4283-97AE-0809C3D6D2E7}.Release|x64.ActiveCfg = Release|Any CPU
		{40A454B9-C2DB-4283-97AE-0809C3D6D2E7}.Release|x64.Build.0 = Release|Any CPU
		{40A454B9-C2DB-4283-97AE-0809C3D6D2E7}.Release|x86.ActiveCfg = Release|Any CPU
		{40A454B9-C2DB-4283-97AE-0809C3D6D2E7}.Release|x86.Build.0 = Release|Any CPU
		{D7022DD9-09E1-45BC-A48B-BC30D1ACF19C}.Debug|Any CPU.ActiveCfg = Debug|Any CPU
		{D7022DD9-09E1-45BC-A48B-BC30D1ACF19C}.Debug|Any CPU.Build.0 = Debug|Any CPU
		{D7022DD9-09E1-45BC-A48B-BC30D1ACF19C}.Debug|x64.ActiveCfg = Debug|Any CPU
		{D7022DD9-09E1-45BC-A48B-BC30D1ACF19C}.Debug|x64.Build.0 = Debug|Any CPU
		{D7022DD9-09E1-45BC-A48B-BC30D1ACF19C}.Debug|x86.ActiveCfg = Debug|Any CPU
		{D7022DD9-09E1-45BC-A48B-BC30D1ACF19C}.Debug|x86.Build.0 = Debug|Any CPU
		{D7022DD9-09E1-45BC-A48B-BC30D1ACF19C}.Release|Any CPU.ActiveCfg = Release|Any CPU
		{D7022DD9-09E1-45BC-A48B-BC30D1ACF19C}.Release|Any CPU.Build.0 = Release|Any CPU
		{D7022DD9-09E1-45BC-A48B-BC30D1ACF19C}.Release|x64.ActiveCfg = Release|Any CPU
		{D7022DD9-09E1-45BC-A48B-BC30D1ACF19C}.Release|x64.Build.0 = Release|Any CPU
		{D7022DD9-09E1-45BC-A48B-BC30D1ACF19C}.Release|x86.ActiveCfg = Release|Any CPU
		{D7022DD9-09E1-45BC-A48B-BC30D1ACF19C}.Release|x86.Build.0 = Release|Any CPU
	EndGlobalSection
	GlobalSection(NestedProjects) = preSolution
		{F13B3990-5512-44FD-B751-AC6DD4190279} = {EECA2B1E-CC77-4B5E-95D1-BDAFECEF2893}
		{15C8181A-666E-4C0A-835B-7D4303B66A68} = {EECA2B1E-CC77-4B5E-95D1-BDAFECEF2893}
		{9073D260-F0C9-4611-800A-C1612B7D2969} = {EECA2B1E-CC77-4B5E-95D1-BDAFECEF2893}
		{873E675A-3872-4FC5-B084-3F35D471B029} = {EECA2B1E-CC77-4B5E-95D1-BDAFECEF2893}
		{BE3AA64B-8103-4803-966F-57EC979901B0} = {FB894DA0-6EFF-42A2-9621-EA0FA94092F3}
		{40A454B9-C2DB-4283-97AE-0809C3D6D2E7} = {FB894DA0-6EFF-42A2-9621-EA0FA94092F3}
		{D7022DD9-09E1-45BC-A48B-BC30D1ACF19C} = {FB894DA0-6EFF-42A2-9621-EA0FA94092F3}
	EndGlobalSection
EndGlobal
